--- 
dependencies: 
  ruby-debug: 
    group: 
    - :development
    version: ">= 0"
  rack-cache: 
    group: 
    - :default
    version: = 0.5.2
  memcached: 
    group: 
    - :default
    version: = 0.19.5
  racksh: 
    group: 
    - :development
    version: ">= 0"
  sinatra: 
    group: 
    - :default
    version: = 1.0
  bundler: 
    group: 
    - :default
    version: = 0.9.26
  shotgun: 
    group: 
    - :development
    version: ">= 0"
specs: 
- bundler: 
    version: 0.9.26
- columnize: 
    version: 0.3.1
- linecache: 
    version: "0.43"
- memcached: 
    version: 0.19.5
- rack: 
    version: 1.2.1
- rack-cache: 
    version: 0.5.2
- rack-test: 
    version: 0.5.4
- racksh: 
    version: 0.9.7
- ruby-debug-base: 
    version: 0.10.3
- ruby-debug: 
    version: 0.10.3
- shotgun: 
    version: "0.6"
- sinatra: 
    version: "1.0"
hash: 08401fa1655cb87a6a4db8c71f16ee19ccce391a
sources: 
- Rubygems: 
    uri: http://rubygems.org
